// !$*UTF8*$!
{
	archiveVersion = 1;
	classes = {
	};
	objectVersion = 50;
	objects = {

/* Begin PBXBuildFile section */
		BB43D2DE2249D2020093158D /* AppDelegate.swift in Sources */ = {isa = PBXBuildFile; fileRef = BB43D2DD2249D2020093158D /* AppDelegate.swift */; };
		BB43D2E52249D2030093158D /* Assets.xcassets in Resources */ = {isa = PBXBuildFile; fileRef = BB43D2E42249D2030093158D /* Assets.xcassets */; };
		BB43D2E82249D2030093158D /* LaunchScreen.storyboard in Resources */ = {isa = PBXBuildFile; fileRef = BB43D2E62249D2030093158D /* LaunchScreen.storyboard */; };
		BB43D2F22249D5480093158D /* TripModel.swift in Sources */ = {isa = PBXBuildFile; fileRef = BB43D2F12249D5480093158D /* TripModel.swift */; };
		BB43D2F42249D5520093158D /* TripFunctions.swift in Sources */ = {isa = PBXBuildFile; fileRef = BB43D2F32249D5520093158D /* TripFunctions.swift */; };
		BB43D2F62249D7070093158D /* Data.swift in Sources */ = {isa = PBXBuildFile; fileRef = BB43D2F52249D7070093158D /* Data.swift */; };
		BB43D2FA2249D9730093158D /* TripsViewController.swift in Sources */ = {isa = PBXBuildFile; fileRef = BB43D2F92249D9730093158D /* TripsViewController.swift */; };
		BB43D2FC2249D97F0093158D /* TripsViewController.storyboard in Resources */ = {isa = PBXBuildFile; fileRef = BB43D2FB2249D97F0093158D /* TripsViewController.storyboard */; };
		BB43D2FE2249E6B50093158D /* TripsTableViewCell.swift in Sources */ = {isa = PBXBuildFile; fileRef = BB43D2FD2249E6B50093158D /* TripsTableViewCell.swift */; };
		BB43D3012249EA300093158D /* UIViewExtensions.swift in Sources */ = {isa = PBXBuildFile; fileRef = BB43D3002249EA300093158D /* UIViewExtensions.swift */; };
		BB43D304224A024D0093158D /* Theme.swift in Sources */ = {isa = PBXBuildFile; fileRef = BB43D303224A024D0093158D /* Theme.swift */; };
		BB43D308224A04BE0093158D /* AmaticSC-Regular.ttf in Resources */ = {isa = PBXBuildFile; fileRef = BB43D307224A04BE0093158D /* AmaticSC-Regular.ttf */; };
		BB43D30A224A09D70093158D /* Colors.xcassets in Resources */ = {isa = PBXBuildFile; fileRef = BB43D309224A09D70093158D /* Colors.xcassets */; };
		BB43D30C224A13F10093158D /* UIButtonExtension.swift in Sources */ = {isa = PBXBuildFile; fileRef = BB43D30B224A13F10093158D /* UIButtonExtension.swift */; };
		BB43D30E224A172B0093158D /* AddTripsViewController.storyboard in Resources */ = {isa = PBXBuildFile; fileRef = BB43D30D224A172B0093158D /* AddTripsViewController.storyboard */; };
		BB43D311224A175F0093158D /* AddTripsViewController.swift in Sources */ = {isa = PBXBuildFile; fileRef = BB43D310224A175F0093158D /* AddTripsViewController.swift */; };
		BB43D314224A1A9D0093158D /* PopupView.swift in Sources */ = {isa = PBXBuildFile; fileRef = BB43D313224A1A9D0093158D /* PopupView.swift */; };
		BB43D316224A1E5D0093158D /* AppUIButton.swift in Sources */ = {isa = PBXBuildFile; fileRef = BB43D315224A1E5D0093158D /* AppUIButton.swift */; };
/* End PBXBuildFile section */

/* Begin PBXFileReference section */
		BB43D2DA2249D2020093158D /* Itineryary App.app */ = {isa = PBXFileReference; explicitFileType = wrapper.application; includeInIndex = 0; path = "Itineryary App.app"; sourceTree = BUILT_PRODUCTS_DIR; };
		BB43D2DD2249D2020093158D /* AppDelegate.swift */ = {isa = PBXFileReference; lastKnownFileType = sourcecode.swift; path = AppDelegate.swift; sourceTree = "<group>"; };
		BB43D2E42249D2030093158D /* Assets.xcassets */ = {isa = PBXFileReference; lastKnownFileType = folder.assetcatalog; path = Assets.xcassets; sourceTree = "<group>"; };
		BB43D2E72249D2030093158D /* Base */ = {isa = PBXFileReference; lastKnownFileType = file.storyboard; name = Base; path = Base.lproj/LaunchScreen.storyboard; sourceTree = "<group>"; };
		BB43D2E92249D2030093158D /* Info.plist */ = {isa = PBXFileReference; lastKnownFileType = text.plist.xml; path = Info.plist; sourceTree = "<group>"; };
		BB43D2F12249D5480093158D /* TripModel.swift */ = {isa = PBXFileReference; lastKnownFileType = sourcecode.swift; path = TripModel.swift; sourceTree = "<group>"; };
		BB43D2F32249D5520093158D /* TripFunctions.swift */ = {isa = PBXFileReference; lastKnownFileType = sourcecode.swift; path = TripFunctions.swift; sourceTree = "<group>"; };
		BB43D2F52249D7070093158D /* Data.swift */ = {isa = PBXFileReference; lastKnownFileType = sourcecode.swift; path = Data.swift; sourceTree = "<group>"; };
		BB43D2F92249D9730093158D /* TripsViewController.swift */ = {isa = PBXFileReference; lastKnownFileType = sourcecode.swift; path = TripsViewController.swift; sourceTree = "<group>"; };
		BB43D2FB2249D97F0093158D /* TripsViewController.storyboard */ = {isa = PBXFileReference; lastKnownFileType = file.storyboard; path = TripsViewController.storyboard; sourceTree = "<group>"; };
		BB43D2FD2249E6B50093158D /* TripsTableViewCell.swift */ = {isa = PBXFileReference; lastKnownFileType = sourcecode.swift; path = TripsTableViewCell.swift; sourceTree = "<group>"; };
		BB43D3002249EA300093158D /* UIViewExtensions.swift */ = {isa = PBXFileReference; lastKnownFileType = sourcecode.swift; path = UIViewExtensions.swift; sourceTree = "<group>"; };
		BB43D303224A024D0093158D /* Theme.swift */ = {isa = PBXFileReference; lastKnownFileType = sourcecode.swift; path = Theme.swift; sourceTree = "<group>"; };
		BB43D307224A04BE0093158D /* AmaticSC-Regular.ttf */ = {isa = PBXFileReference; lastKnownFileType = file; path = "AmaticSC-Regular.ttf"; sourceTree = "<group>"; };
		BB43D309224A09D70093158D /* Colors.xcassets */ = {isa = PBXFileReference; lastKnownFileType = folder.assetcatalog; path = Colors.xcassets; sourceTree = "<group>"; };
		BB43D30B224A13F10093158D /* UIButtonExtension.swift */ = {isa = PBXFileReference; lastKnownFileType = sourcecode.swift; path = UIButtonExtension.swift; sourceTree = "<group>"; };
		BB43D30D224A172B0093158D /* AddTripsViewController.storyboard */ = {isa = PBXFileReference; fileEncoding = 4; lastKnownFileType = file.storyboard; path = AddTripsViewController.storyboard; sourceTree = "<group>"; };
		BB43D310224A175F0093158D /* AddTripsViewController.swift */ = {isa = PBXFileReference; lastKnownFileType = sourcecode.swift; path = AddTripsViewController.swift; sourceTree = "<group>"; };
		BB43D313224A1A9D0093158D /* PopupView.swift */ = {isa = PBXFileReference; lastKnownFileType = sourcecode.swift; path = PopupView.swift; sourceTree = "<group>"; };
		BB43D315224A1E5D0093158D /* AppUIButton.swift */ = {isa = PBXFileReference; lastKnownFileType = sourcecode.swift; path = AppUIButton.swift; sourceTree = "<group>"; };
/* End PBXFileReference section */

/* Begin PBXFrameworksBuildPhase section */
		BB43D2D72249D2020093158D /* Frameworks */ = {
			isa = PBXFrameworksBuildPhase;
			buildActionMask = 2147483647;
			files = (
			);
			runOnlyForDeploymentPostprocessing = 0;
		};
/* End PBXFrameworksBuildPhase section */

/* Begin PBXGroup section */
		BB43D2D12249D2020093158D = {
			isa = PBXGroup;
			children = (
				BB43D2DC2249D2020093158D /* Itineryary App */,
				BB43D2DB2249D2020093158D /* Products */,
			);
			sourceTree = "<group>";
		};
		BB43D2DB2249D2020093158D /* Products */ = {
			isa = PBXGroup;
			children = (
				BB43D2DA2249D2020093158D /* Itineryary App.app */,
			);
			name = Products;
			sourceTree = "<group>";
		};
		BB43D2DC2249D2020093158D /* Itineryary App */ = {
			isa = PBXGroup;
			children = (
				BB43D302224A023D0093158D /* Resources */,
				BB43D2EF2249D5300093158D /* Model */,
				BB43D2F72249D95B0093158D /* Views */,
				BB43D2DD2249D2020093158D /* AppDelegate.swift */,
				BB43D2E42249D2030093158D /* Assets.xcassets */,
				BB43D2E62249D2030093158D /* LaunchScreen.storyboard */,
				BB43D2E92249D2030093158D /* Info.plist */,
			);
			path = "Itineryary App";
			sourceTree = "<group>";
		};
		BB43D2EF2249D5300093158D /* Model */ = {
			isa = PBXGroup;
			children = (
				BB43D2F52249D7070093158D /* Data.swift */,
				BB43D2F02249D5370093158D /* Trip */,
			);
			path = Model;
			sourceTree = "<group>";
		};
		BB43D2F02249D5370093158D /* Trip */ = {
			isa = PBXGroup;
			children = (
				BB43D2F12249D5480093158D /* TripModel.swift */,
				BB43D2F32249D5520093158D /* TripFunctions.swift */,
			);
			path = Trip;
			sourceTree = "<group>";
		};
		BB43D2F72249D95B0093158D /* Views */ = {
			isa = PBXGroup;
			children = (
				BB43D30F224A17470093158D /* AddTripsViewController */,
				BB43D2F82249D9630093158D /* TripsViewController */,
			);
			path = Views;
			sourceTree = "<group>";
		};
		BB43D2F82249D9630093158D /* TripsViewController */ = {
			isa = PBXGroup;
			children = (
				BB43D2FB2249D97F0093158D /* TripsViewController.storyboard */,
				BB43D2F92249D9730093158D /* TripsViewController.swift */,
				BB43D2FD2249E6B50093158D /* TripsTableViewCell.swift */,
			);
			path = TripsViewController;
			sourceTree = "<group>";
		};
		BB43D2FF2249EA1B0093158D /* Extensions */ = {
			isa = PBXGroup;
			children = (
				BB43D3002249EA300093158D /* UIViewExtensions.swift */,
				BB43D30B224A13F10093158D /* UIButtonExtension.swift */,
			);
			path = Extensions;
			sourceTree = "<group>";
		};
		BB43D302224A023D0093158D /* Resources */ = {
			isa = PBXGroup;
			children = (
				BB43D2FF2249EA1B0093158D /* Extensions */,
				BB43D312224A1A840093158D /* CustomControls */,
				BB43D303224A024D0093158D /* Theme.swift */,
				BB43D307224A04BE0093158D /* AmaticSC-Regular.ttf */,
				BB43D309224A09D70093158D /* Colors.xcassets */,
			);
			path = Resources;
			sourceTree = "<group>";
		};
		BB43D30F224A17470093158D /* AddTripsViewController */ = {
			isa = PBXGroup;
			children = (
				BB43D310224A175F0093158D /* AddTripsViewController.swift */,
				BB43D30D224A172B0093158D /* AddTripsViewController.storyboard */,
			);
			path = AddTripsViewController;
			sourceTree = "<group>";
		};
		BB43D312224A1A840093158D /* CustomControls */ = {
			isa = PBXGroup;
			children = (
				BB43D313224A1A9D0093158D /* PopupView.swift */,
				BB43D315224A1E5D0093158D /* AppUIButton.swift */,
			);
			path = CustomControls;
			sourceTree = "<group>";
		};
/* End PBXGroup section */

/* Begin PBXNativeTarget section */
		BB43D2D92249D2020093158D /* Itineryary App */ = {
			isa = PBXNativeTarget;
			buildConfigurationList = BB43D2EC2249D2030093158D /* Build configuration list for PBXNativeTarget "Itineryary App" */;
			buildPhases = (
				BB43D2D62249D2020093158D /* Sources */,
				BB43D2D72249D2020093158D /* Frameworks */,
				BB43D2D82249D2020093158D /* Resources */,
			);
			buildRules = (
			);
			dependencies = (
			);
			name = "Itineryary App";
			productName = "Itineryary App";
			productReference = BB43D2DA2249D2020093158D /* Itineryary App.app */;
			productType = "com.apple.product-type.application";
		};
/* End PBXNativeTarget section */

/* Begin PBXProject section */
		BB43D2D22249D2020093158D /* Project object */ = {
			isa = PBXProject;
			attributes = {
				LastSwiftUpdateCheck = 1010;
				LastUpgradeCheck = 1010;
				ORGANIZATIONNAME = gunw;
				TargetAttributes = {
					BB43D2D92249D2020093158D = {
						CreatedOnToolsVersion = 10.1;
					};
				};
			};
			buildConfigurationList = BB43D2D52249D2020093158D /* Build configuration list for PBXProject "Itineryary App" */;
			compatibilityVersion = "Xcode 9.3";
			developmentRegion = en;
			hasScannedForEncodings = 0;
			knownRegions = (
				en,
				Base,
			);
			mainGroup = BB43D2D12249D2020093158D;
			productRefGroup = BB43D2DB2249D2020093158D /* Products */;
			projectDirPath = "";
			projectRoot = "";
			targets = (
				BB43D2D92249D2020093158D /* Itineryary App */,
			);
		};
/* End PBXProject section */

/* Begin PBXResourcesBuildPhase section */
		BB43D2D82249D2020093158D /* Resources */ = {
			isa = PBXResourcesBuildPhase;
			buildActionMask = 2147483647;
			files = (
				BB43D30A224A09D70093158D /* Colors.xcassets in Resources */,
				BB43D308224A04BE0093158D /* AmaticSC-Regular.ttf in Resources */,
				BB43D30E224A172B0093158D /* AddTripsViewController.storyboard in Resources */,
				BB43D2E82249D2030093158D /* LaunchScreen.storyboard in Resources */,
				BB43D2FC2249D97F0093158D /* TripsViewController.storyboard in Resources */,
				BB43D2E52249D2030093158D /* Assets.xcassets in Resources */,
			);
			runOnlyForDeploymentPostprocessing = 0;
		};
/* End PBXResourcesBuildPhase section */

/* Begin PBXSourcesBuildPhase section */
		BB43D2D62249D2020093158D /* Sources */ = {
			isa = PBXSourcesBuildPhase;
			buildActionMask = 2147483647;
			files = (
				BB43D314224A1A9D0093158D /* PopupView.swift in Sources */,
				BB43D2FE2249E6B50093158D /* TripsTableViewCell.swift in Sources */,
				BB43D304224A024D0093158D /* Theme.swift in Sources */,
				BB43D3012249EA300093158D /* UIViewExtensions.swift in Sources */,
				BB43D2F22249D5480093158D /* TripModel.swift in Sources */,
				BB43D2DE2249D2020093158D /* AppDelegate.swift in Sources */,
				BB43D311224A175F0093158D /* AddTripsViewController.swift in Sources */,
				BB43D316224A1E5D0093158D /* AppUIButton.swift in Sources */,
				BB43D30C224A13F10093158D /* UIButtonExtension.swift in Sources */,
				BB43D2F42249D5520093158D /* TripFunctions.swift in Sources */,
				BB43D2F62249D7070093158D /* Data.swift in Sources */,
				BB43D2FA2249D9730093158D /* TripsViewController.swift in Sources */,
			);
			runOnlyForDeploymentPostprocessing = 0;
		};
/* End PBXSourcesBuildPhase section */

/* Begin PBXVariantGroup section */
		BB43D2E62249D2030093158D /* LaunchScreen.storyboard */ = {
			isa = PBXVariantGroup;
			children = (
				BB43D2E72249D2030093158D /* Base */,
			);
			name = LaunchScreen.storyboard;
			sourceTree = "<group>";
		};
/* End PBXVariantGroup section */

/* Begin XCBuildConfiguration section */
		BB43D2EA2249D2030093158D /* Debug */ = {
			isa = XCBuildConfiguration;
			buildSettings = {
				ALWAYS_SEARCH_USER_PATHS = NO;
				CLANG_ANALYZER_NONNULL = YES;
				CLANG_ANALYZER_NUMBER_OBJECT_CONVERSION = YES_AGGRESSIVE;
				CLANG_CXX_LANGUAGE_STANDARD = "gnu++14";
				CLANG_CXX_LIBRARY = "libc++";
				CLANG_ENABLE_MODULES = YES;
				CLANG_ENABLE_OBJC_ARC = YES;
				CLANG_ENABLE_OBJC_WEAK = YES;
				CLANG_WARN_BLOCK_CAPTURE_AUTORELEASING = YES;
				CLANG_WARN_BOOL_CONVERSION = YES;
				CLANG_WARN_COMMA = YES;
				CLANG_WARN_CONSTANT_CONVERSION = YES;
				CLANG_WARN_DEPRECATED_OBJC_IMPLEMENTATIONS = YES;
				CLANG_WARN_DIRECT_OBJC_ISA_USAGE = YES_ERROR;
				CLANG_WARN_DOCUMENTATION_COMMENTS = YES;
				CLANG_WARN_EMPTY_BODY = YES;
				CLANG_WARN_ENUM_CONVERSION = YES;
				CLANG_WARN_INFINITE_RECURSION = YES;
				CLANG_WARN_INT_CONVERSION = YES;
				CLANG_WARN_NON_LITERAL_NULL_CONVERSION = YES;
				CLANG_WARN_OBJC_IMPLICIT_RETAIN_SELF = YES;
				CLANG_WARN_OBJC_LITERAL_CONVERSION = YES;
				CLANG_WARN_OBJC_ROOT_CLASS = YES_ERROR;
				CLANG_WARN_RANGE_LOOP_ANALYSIS = YES;
				CLANG_WARN_STRICT_PROTOTYPES = YES;
				CLANG_WARN_SUSPICIOUS_MOVE = YES;
				CLANG_WARN_UNGUARDED_AVAILABILITY = YES_AGGRESSIVE;
				CLANG_WARN_UNREACHABLE_CODE = YES;
				CLANG_WARN__DUPLICATE_METHOD_MATCH = YES;
				CODE_SIGN_IDENTITY = "iPhone Developer";
				COPY_PHASE_STRIP = NO;
				DEBUG_INFORMATION_FORMAT = dwarf;
				ENABLE_STRICT_OBJC_MSGSEND = YES;
				ENABLE_TESTABILITY = YES;
				GCC_C_LANGUAGE_STANDARD = gnu11;
				GCC_DYNAMIC_NO_PIC = NO;
				GCC_NO_COMMON_BLOCKS = YES;
				GCC_OPTIMIZATION_LEVEL = 0;
				GCC_PREPROCESSOR_DEFINITIONS = (
					"DEBUG=1",
					"$(inherited)",
				);
				GCC_WARN_64_TO_32_BIT_CONVERSION = YES;
				GCC_WARN_ABOUT_RETURN_TYPE = YES_ERROR;
				GCC_WARN_UNDECLARED_SELECTOR = YES;
				GCC_WARN_UNINITIALIZED_AUTOS = YES_AGGRESSIVE;
				GCC_WARN_UNUSED_FUNCTION = YES;
				GCC_WARN_UNUSED_VARIABLE = YES;
				IPHONEOS_DEPLOYMENT_TARGET = 12.1;
				MTL_ENABLE_DEBUG_INFO = INCLUDE_SOURCE;
				MTL_FAST_MATH = YES;
				ONLY_ACTIVE_ARCH = YES;
				SDKROOT = iphoneos;
				SWIFT_ACTIVE_COMPILATION_CONDITIONS = DEBUG;
				SWIFT_OPTIMIZATION_LEVEL = "-Onone";
			};
			name = Debug;
		};
		BB43D2EB2249D2030093158D /* Release */ = {
			isa = XCBuildConfiguration;
			buildSettings = {
				ALWAYS_SEARCH_USER_PATHS = NO;
				CLANG_ANALYZER_NONNULL = YES;
				CLANG_ANALYZER_NUMBER_OBJECT_CONVERSION = YES_AGGRESSIVE;
				CLANG_CXX_LANGUAGE_STANDARD = "gnu++14";
				CLANG_CXX_LIBRARY = "libc++";
				CLANG_ENABLE_MODULES = YES;
				CLANG_ENABLE_OBJC_ARC = YES;
				CLANG_ENABLE_OBJC_WEAK = YES;
				CLANG_WARN_BLOCK_CAPTURE_AUTORELEASING = YES;
				CLANG_WARN_BOOL_CONVERSION = YES;
				CLANG_WARN_COMMA = YES;
				CLANG_WARN_CONSTANT_CONVERSION = YES;
				CLANG_WARN_DEPRECATED_OBJC_IMPLEMENTATIONS = YES;
				CLANG_WARN_DIRECT_OBJC_ISA_USAGE = YES_ERROR;
				CLANG_WARN_DOCUMENTATION_COMMENTS = YES;
				CLANG_WARN_EMPTY_BODY = YES;
				CLANG_WARN_ENUM_CONVERSION = YES;
				CLANG_WARN_INFINITE_RECURSION = YES;
				CLANG_WARN_INT_CONVERSION = YES;
				CLANG_WARN_NON_LITERAL_NULL_CONVERSION = YES;
				CLANG_WARN_OBJC_IMPLICIT_RETAIN_SELF = YES;
				CLANG_WARN_OBJC_LITERAL_CONVERSION = YES;
				CLANG_WARN_OBJC_ROOT_CLASS = YES_ERROR;
				CLANG_WARN_RANGE_LOOP_ANALYSIS = YES;
				CLANG_WARN_STRICT_PROTOTYPES = YES;
				CLANG_WARN_SUSPICIOUS_MOVE = YES;
				CLANG_WARN_UNGUARDED_AVAILABILITY = YES_AGGRESSIVE;
				CLANG_WARN_UNREACHABLE_CODE = YES;
				CLANG_WARN__DUPLICATE_METHOD_MATCH = YES;
				CODE_SIGN_IDENTITY = "iPhone Developer";
				COPY_PHASE_STRIP = NO;
				DEBUG_INFORMATION_FORMAT = "dwarf-with-dsym";
				ENABLE_NS_ASSERTIONS = NO;
				ENABLE_STRICT_OBJC_MSGSEND = YES;
				GCC_C_LANGUAGE_STANDARD = gnu11;
				GCC_NO_COMMON_BLOCKS = YES;
				GCC_WARN_64_TO_32_BIT_CONVERSION = YES;
				GCC_WARN_ABOUT_RETURN_TYPE = YES_ERROR;
				GCC_WARN_UNDECLARED_SELECTOR = YES;
				GCC_WARN_UNINITIALIZED_AUTOS = YES_AGGRESSIVE;
				GCC_WARN_UNUSED_FUNCTION = YES;
				GCC_WARN_UNUSED_VARIABLE = YES;
				IPHONEOS_DEPLOYMENT_TARGET = 12.1;
				MTL_ENABLE_DEBUG_INFO = NO;
				MTL_FAST_MATH = YES;
				SDKROOT = iphoneos;
				SWIFT_COMPILATION_MODE = wholemodule;
				SWIFT_OPTIMIZATION_LEVEL = "-O";
				VALIDATE_PRODUCT = YES;
			};
			name = Release;
		};
		BB43D2ED2249D2030093158D /* Debug */ = {
			isa = XCBuildConfiguration;
			buildSettings = {
				ASSETCATALOG_COMPILER_APPICON_NAME = AppIcon;
				CODE_SIGN_STYLE = Manual;
				DEVELOPMENT_TEAM = "";
				INFOPLIST_FILE = "Itineryary App/Info.plist";
				LD_RUNPATH_SEARCH_PATHS = (
					"$(inherited)",
					"@executable_path/Frameworks",
				);
				PRODUCT_BUNDLE_IDENTIFIER = "com.gunw.Itineryary-App";
				PRODUCT_NAME = "$(TARGET_NAME)";
				PROVISIONING_PROFILE_SPECIFIER = "";
				SWIFT_VERSION = 4.2;
				TARGETED_DEVICE_FAMILY = "1,2";
			};
			name = Debug;
		};
		BB43D2EE2249D2030093158D /* Release */ = {
			isa = XCBuildConfiguration;
			buildSettings = {
				ASSETCATALOG_COMPILER_APPICON_NAME = AppIcon;
				CODE_SIGN_STYLE = Manual;
				DEVELOPMENT_TEAM = "";
				INFOPLIST_FILE = "Itineryary App/Info.plist";
				LD_RUNPATH_SEARCH_PATHS = (
					"$(inherited)",
					"@executable_path/Frameworks",
				);
				PRODUCT_BUNDLE_IDENTIFIER = "com.gunw.Itineryary-App";
				PRODUCT_NAME = "$(TARGET_NAME)";
				PROVISIONING_PROFILE_SPECIFIER = "";
				SWIFT_VERSION = 4.2;
				TARGETED_DEVICE_FAMILY = "1,2";
			};
			name = Release;
		};
/* End XCBuildConfiguration section */

/* Begin XCConfigurationList section */
		BB43D2D52249D2020093158D /* Build configuration list for PBXProject "Itineryary App" */ = {
			isa = XCConfigurationList;
			buildConfigurations = (
				BB43D2EA2249D2030093158D /* Debug */,
				BB43D2EB2249D2030093158D /* Release */,
			);
			defaultConfigurationIsVisible = 0;
			defaultConfigurationName = Release;
		};
		BB43D2EC2249D2030093158D /* Build configuration list for PBXNativeTarget "Itineryary App" */ = {
			isa = XCConfigurationList;
			buildConfigurations = (
				BB43D2ED2249D2030093158D /* Debug */,
				BB43D2EE2249D2030093158D /* Release */,
			);
			defaultConfigurationIsVisible = 0;
			defaultConfigurationName = Release;
		};
/* End XCConfigurationList section */
	};
	rootObject = BB43D2D22249D2020093158D /* Project object */;
}
